
Microsoft Visual Studio Solution File, Format Version 12.00
# Visual Studio Version 17
VisualStudioVersion = 17.5.002.0
MinimumVisualStudioVersion = 10.0.40219.1
Project("{9A19103F-16F7-4668-BE54-9A1E7A4F7556}") = "project-mvc", "project-mvc.csproj", "{10EE3425-2374-44F2-BCF0-AF30240E4131}"
EndProject
Global
	GlobalSection(SolutionConfigurationPlatforms) = preSolution
		Debug|Any CPU = Debug|Any CPU
		Release|Any CPU = Release|Any CPU
	EndGlobalSection
	GlobalSection(ProjectConfigurationPlatforms) = postSolution
		{10EE3425-2374-44F2-BCF0-AF30240E4131}.Debug|Any CPU.ActiveCfg = Debug|Any CPU
		{10EE3425-2374-44F2-BCF0-AF30240E4131}.Debug|Any CPU.Build.0 = Debug|Any CPU
		{10EE3425-2374-44F2-BCF0-AF30240E4131}.Release|Any CPU.ActiveCfg = Release|Any CPU
		{10EE3425-2374-44F2-BCF0-AF30240E4131}.Release|Any CPU.Build.0 = Release|Any CPU
	EndGlobalSection
	GlobalSection(SolutionProperties) = preSolution
		HideSolutionNode = FALSE
	EndGlobalSection
	GlobalSection(ExtensibilityGlobals) = postSolution
		SolutionGuid = {3FD85988-5024-4F9F-A7D5-D19EB1E001BA}
	EndGlobalSection
EndGlobal
